
Microsoft Visual Studio Solution File, Format Version 12.00
# 
Project("{2150E333-8FDC-42A3-9474-1A3956D46DE8}") = "src", "src", "{92C62983-A4CD-4CC5-8D7E-D5E25B5DAB08}"
EndProject
Project("{FAE04EC0-301F-11D3-BF4B-00C04F79EFBC}") = "GFATeamManager.Api", "src\GFATeamManager.Api\GFATeamManager.Api.csproj", "{93303240-C106-4649-B857-0BBC6AE946C1}"
EndProject
Project("{FAE04EC0-301F-11D3-BF4B-00C04F79EFBC}") = "GFATeamManager.Domain", "src\GFATeamManager.Domain\GFATeamManager.Domain.csproj", "{35DAA67E-6594-474F-88D6-BFBD69CC9103}"
EndProject
Project("{FAE04EC0-301F-11D3-BF4B-00C04F79EFBC}") = "GFATeamManager.Application", "src\GFATeamManager.Application\GFATeamManager.Application.csproj", "{61C7BC59-4766-4A9D-82BF-C58C8A9E56F0}"
EndProject
Project("{FAE04EC0-301F-11D3-BF4B-00C04F79EFBC}") = "GFATeamManager.Infrastructure", "src\GFATeamManager.Infrastructure\GFATeamManager.Infrastructure.csproj", "{0C61CDC4-9EDB-4BEE-B719-21C0E13BD6E8}"
EndProject
Project("{2150E333-8FDC-42A3-9474-1A3956D46DE8}") = "tests", "tests", "{EE3CBFFF-60DD-4012-BC41-AD17991A26DF}"
EndProject
Project("{FAE04EC0-301F-11D3-BF4B-00C04F79EFBC}") = "GFATeamManager.Domain.Tests", "tests\GFATeamManager.Domain.Tests\GFATeamManager.Domain.Tests.csproj", "{FF366608-9D18-4CEA-B0C2-BD01C1B4EBA3}"
EndProject
Project("{FAE04EC0-301F-11D3-BF4B-00C04F79EFBC}") = "GFATeamManager.Application.Tests", "tests\GFATeamManager.Application.Tests\GFATeamManager.Application.Tests.csproj", "{E3D09447-E1B7-4CDF-A676-43B8503950DC}"
EndProject
Project("{FAE04EC0-301F-11D3-BF4B-00C04F79EFBC}") = "GFATeamManager.Infrastructure.Tests", "tests\GFATeamManager.Infrastructure.Tests\GFATeamManager.Infrastructure.Tests.csproj", "{C47E8864-50FD-4E61-A6D8-649E449193C9}"
EndProject
Project("{FAE04EC0-301F-11D3-BF4B-00C04F79EFBC}") = "GFATeamManager.Api.Tests", "tests\GFATeamManager.Api.Tests\GFATeamManager.Api.Tests.csproj", "{4BDA0EFC-FC99-4AFC-8900-A9208530E78E}"
EndProject
Global
	GlobalSection(SolutionConfigurationPlatforms) = preSolution
		Debug|Any CPU = Debug|Any CPU
		Release|Any CPU = Release|Any CPU
	EndGlobalSection
	GlobalSection(ProjectConfigurationPlatforms) = postSolution
		{93303240-C106-4649-B857-0BBC6AE946C1}.Debug|Any CPU.ActiveCfg = Debug|Any CPU
		{93303240-C106-4649-B857-0BBC6AE946C1}.Debug|Any CPU.Build.0 = Debug|Any CPU
		{93303240-C106-4649-B857-0BBC6AE946C1}.Release|Any CPU.ActiveCfg = Release|Any CPU
		{93303240-C106-4649-B857-0BBC6AE946C1}.Release|Any CPU.Build.0 = Release|Any CPU
		{35DAA67E-6594-474F-88D6-BFBD69CC9103}.Debug|Any CPU.ActiveCfg = Debug|Any CPU
		{35DAA67E-6594-474F-88D6-BFBD69CC9103}.Debug|Any CPU.Build.0 = Debug|Any CPU
		{35DAA67E-6594-474F-88D6-BFBD69CC9103}.Release|Any CPU.ActiveCfg = Release|Any CPU
		{35DAA67E-6594-474F-88D6-BFBD69CC9103}.Release|Any CPU.Build.0 = Release|Any CPU
		{61C7BC59-4766-4A9D-82BF-C58C8A9E56F0}.Debug|Any CPU.ActiveCfg = Debug|Any CPU
		{61C7BC59-4766-4A9D-82BF-C58C8A9E56F0}.Debug|Any CPU.Build.0 = Debug|Any CPU
		{61C7BC59-4766-4A9D-82BF-C58C8A9E56F0}.Release|Any CPU.ActiveCfg = Release|Any CPU
		{61C7BC59-4766-4A9D-82BF-C58C8A9E56F0}.Release|Any CPU.Build.0 = Release|Any CPU
		{0C61CDC4-9EDB-4BEE-B719-21C0E13BD6E8}.Debug|Any CPU.ActiveCfg = Debug|Any CPU
		{0C61CDC4-9EDB-4BEE-B719-21C0E13BD6E8}.Debug|Any CPU.Build.0 = Debug|Any CPU
		{0C61CDC4-9EDB-4BEE-B719-21C0E13BD6E8}.Release|Any CPU.ActiveCfg = Release|Any CPU
		{0C61CDC4-9EDB-4BEE-B719-21C0E13BD6E8}.Release|Any CPU.Build.0 = Release|Any CPU
		{FF366608-9D18-4CEA-B0C2-BD01C1B4EBA3}.Debug|Any CPU.ActiveCfg = Debug|Any CPU
		{FF366608-9D18-4CEA-B0C2-BD01C1B4EBA3}.Debug|Any CPU.Build.0 = Debug|Any CPU
		{FF366608-9D18-4CEA-B0C2-BD01C1B4EBA3}.Release|Any CPU.ActiveCfg = Release|Any CPU
		{FF366608-9D18-4CEA-B0C2-BD01C1B4EBA3}.Release|Any CPU.Build.0 = Release|Any CPU
		{E3D09447-E1B7-4CDF-A676-43B8503950DC}.Debug|Any CPU.ActiveCfg = Debug|Any CPU
		{E3D09447-E1B7-4CDF-A676-43B8503950DC}.Debug|Any CPU.Build.0 = Debug|Any CPU
		{E3D09447-E1B7-4CDF-A676-43B8503950DC}.Release|Any CPU.ActiveCfg = Release|Any CPU
		{E3D09447-E1B7-4CDF-A676-43B8503950DC}.Release|Any CPU.Build.0 = Release|Any CPU
		{C47E8864-50FD-4E61-A6D8-649E449193C9}.Debug|Any CPU.ActiveCfg = Debug|Any CPU
		{C47E8864-50FD-4E61-A6D8-649E449193C9}.Debug|Any CPU.Build.0 = Debug|Any CPU
		{C47E8864-50FD-4E61-A6D8-649E449193C9}.Release|Any CPU.ActiveCfg = Release|Any CPU
		{C47E8864-50FD-4E61-A6D8-649E449193C9}.Release|Any CPU.Build.0 = Release|Any CPU
		{4BDA0EFC-FC99-4AFC-8900-A9208530E78E}.Debug|Any CPU.ActiveCfg = Debug|Any CPU
		{4BDA0EFC-FC99-4AFC-8900-A9208530E78E}.Debug|Any CPU.Build.0 = Debug|Any CPU
		{4BDA0EFC-FC99-4AFC-8900-A9208530E78E}.Release|Any CPU.ActiveCfg = Release|Any CPU
		{4BDA0EFC-FC99-4AFC-8900-A9208530E78E}.Release|Any CPU.Build.0 = Release|Any CPU
	EndGlobalSection
	GlobalSection(NestedProjects) = preSolution
		{93303240-C106-4649-B857-0BBC6AE946C1} = {92C62983-A4CD-4CC5-8D7E-D5E25B5DAB08}
		{35DAA67E-6594-474F-88D6-BFBD69CC9103} = {92C62983-A4CD-4CC5-8D7E-D5E25B5DAB08}
		{61C7BC59-4766-4A9D-82BF-C58C8A9E56F0} = {92C62983-A4CD-4CC5-8D7E-D5E25B5DAB08}
		{0C61CDC4-9EDB-4BEE-B719-21C0E13BD6E8} = {92C62983-A4CD-4CC5-8D7E-D5E25B5DAB08}
		{FF366608-9D18-4CEA-B0C2-BD01C1B4EBA3} = {EE3CBFFF-60DD-4012-BC41-AD17991A26DF}
		{E3D09447-E1B7-4CDF-A676-43B8503950DC} = {EE3CBFFF-60DD-4012-BC41-AD17991A26DF}
		{C47E8864-50FD-4E61-A6D8-649E449193C9} = {EE3CBFFF-60DD-4012-BC41-AD17991A26DF}
		{4BDA0EFC-FC99-4AFC-8900-A9208530E78E} = {EE3CBFFF-60DD-4012-BC41-AD17991A26DF}
	EndGlobalSection
EndGlobal
